// !$*UTF8*$!
{
	archiveVersion = 1;
	classes = {
	};
	objectVersion = 46;
	objects = {

/* Begin PBXBuildFile section */
		485718581DDECC9A003A8690 /* AppDelegate.swift in Sources */ = {isa = PBXBuildFile; fileRef = 485718571DDECC9A003A8690 /* AppDelegate.swift */; };
		4857185A1DDECC9A003A8690 /* ViewController.swift in Sources */ = {isa = PBXBuildFile; fileRef = 485718591DDECC9A003A8690 /* ViewController.swift */; };
		4857185D1DDECC9A003A8690 /* Main.storyboard in Resources */ = {isa = PBXBuildFile; fileRef = 4857185B1DDECC9A003A8690 /* Main.storyboard */; };
		4857185F1DDECC9A003A8690 /* Assets.xcassets in Resources */ = {isa = PBXBuildFile; fileRef = 4857185E1DDECC9A003A8690 /* Assets.xcassets */; };
		485718621DDECC9A003A8690 /* LaunchScreen.storyboard in Resources */ = {isa = PBXBuildFile; fileRef = 485718601DDECC9A003A8690 /* LaunchScreen.storyboard */; };
/* End PBXBuildFile section */

/* Begin PBXFileReference section */
		485718541DDECC9A003A8690 /* JSON Test.app */ = {isa = PBXFileReference; explicitFileType = wrapper.application; includeInIndex = 0; path = "JSON Test.app"; sourceTree = BUILT_PRODUCTS_DIR; };
		485718571DDECC9A003A8690 /* AppDelegate.swift */ = {isa = PBXFileReference; lastKnownFileType = sourcecode.swift; path = AppDelegate.swift; sourceTree = "<group>"; };
		485718591DDECC9A003A8690 /* ViewController.swift */ = {isa = PBXFileReference; lastKnownFileType = sourcecode.swift; path = ViewController.swift; sourceTree = "<group>"; };
		4857185C1DDECC9A003A8690 /* Base */ = {isa = PBXFileReference; lastKnownFileType = file.storyboard; name = Base; path = Base.lproj/Main.storyboard; sourceTree = "<group>"; };
		4857185E1DDECC9A003A8690 /* Assets.xcassets */ = {isa = PBXFileReference; lastKnownFileType = folder.assetcatalog; path = Assets.xcassets; sourceTree = "<group>"; };
		485718611DDECC9A003A8690 /* Base */ = {isa = PBXFileReference; lastKnownFileType = file.storyboard; name = Base; path = Base.lproj/LaunchScreen.storyboard; sourceTree = "<group>"; };
		485718631DDECC9A003A8690 /* Info.plist */ = {isa = PBXFileReference; lastKnownFileType = text.plist.xml; path = Info.plist; sourceTree = "<group>"; };
/* End PBXFileReference section */

/* Begin PBXFrameworksBuildPhase section */
		485718511DDECC9A003A8690 /* Frameworks */ = {
			isa = PBXFrameworksBuildPhase;
			buildActionMask = 2147483647;
			files = (
			);
			runOnlyForDeploymentPostprocessing = 0;
		};
/* End PBXFrameworksBuildPhase section */

/* Begin PBXGroup section */
		4857184B1DDECC9A003A8690 = {
			isa = PBXGroup;
			children = (
				485718561DDECC9A003A8690 /* JSON Test */,
				485718551DDECC9A003A8690 /* Products */,
			);
			sourceTree = "<group>";
		};
		485718551DDECC9A003A8690 /* Products */ = {
			isa = PBXGroup;
			children = (
				485718541DDECC9A003A8690 /* JSON Test.app */,
			);
			name = Products;
			sourceTree = "<group>";
		};
		485718561DDECC9A003A8690 /* JSON Test */ = {
			isa = PBXGroup;
			children = (
				485718571DDECC9A003A8690 /* AppDelegate.swift */,
				485718591DDECC9A003A8690 /* ViewController.swift */,
				4857185B1DDECC9A003A8690 /* Main.storyboard */,
				4857185E1DDECC9A003A8690 /* Assets.xcassets */,
				485718601DDECC9A003A8690 /* LaunchScreen.storyboard */,
				485718631DDECC9A003A8690 /* Info.plist */,
			);
			path = "JSON Test";
			sourceTree = "<group>";
		};
/* End PBXGroup section */

/* Begin PBXNativeTarget section */
		485718531DDECC9A003A8690 /* JSON Test */ = {
			isa = PBXNativeTarget;
			buildConfigurationList = 485718661DDECC9A003A8690 /* Build configuration list for PBXNativeTarget "JSON Test" */;
			buildPhases = (
				485718501DDECC9A003A8690 /* Sources */,
				485718511DDECC9A003A8690 /* Frameworks */,
				485718521DDECC9A003A8690 /* Resources */,
			);
			buildRules = (
			);
			dependencies = (
			);
			name = "JSON Test";
			productName = "JSON Test";
			productReference = 485718541DDECC9A003A8690 /* JSON Test.app */;
			productType = "com.apple.product-type.application";
		};
/* End PBXNativeTarget section */

/* Begin PBXProject section */
		4857184C1DDECC9A003A8690 /* Project object */ = {
			isa = PBXProject;
			attributes = {
				LastSwiftUpdateCheck = 0810;
				LastUpgradeCheck = 0810;
				ORGANIZATIONNAME = MAR;
				TargetAttributes = {
					485718531DDECC9A003A8690 = {
						CreatedOnToolsVersion = 8.1;
						DevelopmentTeam = D258639E2H;
						ProvisioningStyle = Automatic;
					};
				};
			};
			buildConfigurationList = 4857184F1DDECC9A003A8690 /* Build configuration list for PBXProject "JSON Test" */;
			compatibilityVersion = "Xcode 3.2";
			developmentRegion = English;
			hasScannedForEncodings = 0;
			knownRegions = (
				en,
				Base,
			);
			mainGroup = 4857184B1DDECC9A003A8690;
			productRefGroup = 485718551DDECC9A003A8690 /* Products */;
			projectDirPath = "";
			projectRoot = "";
			targets = (
				485718531DDECC9A003A8690 /* JSON Test */,
			);
		};
/* End PBXProject section */

/* Begin PBXResourcesBuildPhase section */
		485718521DDECC9A003A8690 /* Resources */ = {
			isa = PBXResourcesBuildPhase;
			buildActionMask = 2147483647;
			files = (
				485718621DDECC9A003A8690 /* LaunchScreen.storyboard in Resources */,
				4857185F1DDECC9A003A8690 /* Assets.xcassets in Resources */,
				4857185D1DDECC9A003A8690 /* Main.storyboard in Resources */,
			);
			runOnlyForDeploymentPostprocessing = 0;
		};
/* End PBXResourcesBuildPhase section */

/* Begin PBXSourcesBuildPhase section */
		485718501DDECC9A003A8690 /* Sources */ = {
			isa = PBXSourcesBuildPhase;
			buildActionMask = 2147483647;
			files = (
				4857185A1DDECC9A003A8690 /* ViewController.swift in Sources */,
				485718581DDECC9A003A8690 /* AppDelegate.swift in Sources */,
			);
			runOnlyForDeploymentPostprocessing = 0;
		};
/* End PBXSourcesBuildPhase section */

/* Begin PBXVariantGroup section */
		4857185B1DDECC9A003A8690 /* Main.storyboard */ = {
			isa = PBXVariantGroup;
			children = (
				4857185C1DDECC9A003A8690 /* Base */,
			);
			name = Main.storyboard;
			sourceTree = "<group>";
		};
		485718601DDECC9A003A8690 /* LaunchScreen.storyboard */ = {
			isa = PBXVariantGroup;
			children = (
				485718611DDECC9A003A8690 /* Base */,
			);
			name = LaunchScreen.storyboard;
			sourceTree = "<group>";
		};
/* End PBXVariantGroup section */

/* Begin XCBuildConfiguration section */
		485718641DDECC9A003A8690 /* Debug */ = {
			isa = XCBuildConfiguration;
			buildSettings = {
				ALWAYS_SEARCH_USER_PATHS = NO;
				CLANG_ANALYZER_NONNULL = YES;
				CLANG_CXX_LANGUAGE_STANDARD = "gnu++0x";
				CLANG_CXX_LIBRARY = "libc++";
				CLANG_ENABLE_MODULES = YES;
				CLANG_ENABLE_OBJC_ARC = YES;
				CLANG_WARN_BOOL_CONVERSION = YES;
				CLANG_WARN_CONSTANT_CONVERSION = YES;
				CLANG_WARN_DIRECT_OBJC_ISA_USAGE = YES_ERROR;
				CLANG_WARN_DOCUMENTATION_COMMENTS = YES;
				CLANG_WARN_EMPTY_BODY = YES;
				CLANG_WARN_ENUM_CONVERSION = YES;
				CLANG_WARN_INFINITE_RECURSION = YES;
				CLANG_WARN_INT_CONVERSION = YES;
				CLANG_WARN_OBJC_ROOT_CLASS = YES_ERROR;
				CLANG_WARN_SUSPICIOUS_MOVES = YES;
				CLANG_WARN_UNREACHABLE_CODE = YES;
				CLANG_WARN__DUPLICATE_METHOD_MATCH = YES;
				"CODE_SIGN_IDENTITY[sdk=iphoneos*]" = "iPhone Developer";
				COPY_PHASE_STRIP = NO;
				DEBUG_INFORMATION_FORMAT = dwarf;
				ENABLE_STRICT_OBJC_MSGSEND = YES;
				ENABLE_TESTABILITY = YES;
				GCC_C_LANGUAGE_STANDARD = gnu99;
				GCC_DYNAMIC_NO_PIC = NO;
				GCC_NO_COMMON_BLOCKS = YES;
				GCC_OPTIMIZATION_LEVEL = 0;
				GCC_PREPROCESSOR_DEFINITIONS = (
					"DEBUG=1",
					"$(inherited)",
				);
				GCC_WARN_64_TO_32_BIT_CONVERSION = YES;
				GCC_WARN_ABOUT_RETURN_TYPE = YES_ERROR;
				GCC_WARN_UNDECLARED_SELECTOR = YES;
				GCC_WARN_UNINITIALIZED_AUTOS = YES_AGGRESSIVE;
				GCC_WARN_UNUSED_FUNCTION = YES;
				GCC_WARN_UNUSED_VARIABLE = YES;
				IPHONEOS_DEPLOYMENT_TARGET = 10.1;
				MTL_ENABLE_DEBUG_INFO = YES;
				ONLY_ACTIVE_ARCH = YES;
				SDKROOT = iphoneos;
				SWIFT_ACTIVE_COMPILATION_CONDITIONS = DEBUG;
				SWIFT_OPTIMIZATION_LEVEL = "-Onone";
				TARGETED_DEVICE_FAMILY = "1,2";
			};
			name = Debug;
		};
		485718651DDECC9A003A8690 /* Release */ = {
			isa = XCBuildConfiguration;
			buildSettings = {
				ALWAYS_SEARCH_USER_PATHS = NO;
				CLANG_ANALYZER_NONNULL = YES;
				CLANG_CXX_LANGUAGE_STANDARD = "gnu++0x";
				CLANG_CXX_LIBRARY = "libc++";
				CLANG_ENABLE_MODULES = YES;
				CLANG_ENABLE_OBJC_ARC = YES;
				CLANG_WARN_BOOL_CONVERSION = YES;
				CLANG_WARN_CONSTANT_CONVERSION = YES;
				CLANG_WARN_DIRECT_OBJC_ISA_USAGE = YES_ERROR;
				CLANG_WARN_DOCUMENTATION_COMMENTS = YES;
				CLANG_WARN_EMPTY_BODY = YES;
				CLANG_WARN_ENUM_CONVERSION = YES;
				CLANG_WARN_INFINITE_RECURSION = YES;
				CLANG_WARN_INT_CONVERSION = YES;
				CLANG_WARN_OBJC_ROOT_CLASS = YES_ERROR;
				CLANG_WARN_SUSPICIOUS_MOVES = YES;
				CLANG_WARN_UNREACHABLE_CODE = YES;
				CLANG_WARN__DUPLICATE_METHOD_MATCH = YES;
				"CODE_SIGN_IDENTITY[sdk=iphoneos*]" = "iPhone Developer";
				COPY_PHASE_STRIP = NO;
				DEBUG_INFORMATION_FORMAT = "dwarf-with-dsym";
				ENABLE_NS_ASSERTIONS = NO;
				ENABLE_STRICT_OBJC_MSGSEND = YES;
				GCC_C_LANGUAGE_STANDARD = gnu99;
				GCC_NO_COMMON_BLOCKS = YES;
				GCC_WARN_64_TO_32_BIT_CONVERSION = YES;
				GCC_WARN_ABOUT_RETURN_TYPE = YES_ERROR;
				GCC_WARN_UNDECLARED_SELECTOR = YES;
				GCC_WARN_UNINITIALIZED_AUTOS = YES_AGGRESSIVE;
				GCC_WARN_UNUSED_FUNCTION = YES;
				GCC_WARN_UNUSED_VARIABLE = YES;
				IPHONEOS_DEPLOYMENT_TARGET = 10.1;
				MTL_ENABLE_DEBUG_INFO = NO;
				SDKROOT = iphoneos;
				SWIFT_OPTIMIZATION_LEVEL = "-Owholemodule";
				TARGETED_DEVICE_FAMILY = "1,2";
				VALIDATE_PRODUCT = YES;
			};
			name = Release;
		};
		485718671DDECC9A003A8690 /* Debug */ = {
			isa = XCBuildConfiguration;
			buildSettings = {
				ASSETCATALOG_COMPILER_APPICON_NAME = AppIcon;
				DEVELOPMENT_TEAM = D258639E2H;
				INFOPLIST_FILE = "JSON Test/Info.plist";
				LD_RUNPATH_SEARCH_PATHS = "$(inherited) @executable_path/Frameworks";
				PRODUCT_BUNDLE_IDENTIFIER = "com.marnavaldez.JSON-Test";
				PRODUCT_NAME = "$(TARGET_NAME)";
				SWIFT_VERSION = 3.0;
			};
			name = Debug;
		};
		485718681DDECC9A003A8690 /* Release */ = {
			isa = XCBuildConfiguration;
			buildSettings = {
				ASSETCATALOG_COMPILER_APPICON_NAME = AppIcon;
				DEVELOPMENT_TEAM = D258639E2H;
				INFOPLIST_FILE = "JSON Test/Info.plist";
				LD_RUNPATH_SEARCH_PATHS = "$(inherited) @executable_path/Frameworks";
				PRODUCT_BUNDLE_IDENTIFIER = "com.marnavaldez.JSON-Test";
				PRODUCT_NAME = "$(TARGET_NAME)";
				SWIFT_VERSION = 3.0;
			};
			name = Release;
		};
/* End XCBuildConfiguration section */

/* Begin XCConfigurationList section */
		4857184F1DDECC9A003A8690 /* Build configuration list for PBXProject "JSON Test" */ = {
			isa = XCConfigurationList;
			buildConfigurations = (
				485718641DDECC9A003A8690 /* Debug */,
				485718651DDECC9A003A8690 /* Release */,
			);
			defaultConfigurationIsVisible = 0;
			defaultConfigurationName = Release;
		};
		485718661DDECC9A003A8690 /* Build configuration list for PBXNativeTarget "JSON Test" */ = {
			isa = XCConfigurationList;
			buildConfigurations = (
				485718671DDECC9A003A8690 /* Debug */,
				485718681DDECC9A003A8690 /* Release */,
			);
			defaultConfigurationIsVisible = 0;
		};
/* End XCConfigurationList section */
	};
	rootObject = 4857184C1DDECC9A003A8690 /* Project object */;
}
